// !$*UTF8*$!
{
	archiveVersion = 1;
	classes = {
	};
	objectVersion = 50;
	objects = {

/* Begin PBXBuildFile section */
		81703A87239A7A4200D24889 /* AppDelegate.swift in Sources */ = {isa = PBXBuildFile; fileRef = 81703A86239A7A4200D24889 /* AppDelegate.swift */; };
		81703A89239A7A4200D24889 /* SceneDelegate.swift in Sources */ = {isa = PBXBuildFile; fileRef = 81703A88239A7A4200D24889 /* SceneDelegate.swift */; };
		81703A8B239A7A4200D24889 /* ContentView.swift in Sources */ = {isa = PBXBuildFile; fileRef = 81703A8A239A7A4200D24889 /* ContentView.swift */; };
		81703A8D239A7A4600D24889 /* Assets.xcassets in Resources */ = {isa = PBXBuildFile; fileRef = 81703A8C239A7A4600D24889 /* Assets.xcassets */; };
		81703A90239A7A4600D24889 /* Preview Assets.xcassets in Resources */ = {isa = PBXBuildFile; fileRef = 81703A8F239A7A4600D24889 /* Preview Assets.xcassets */; };
		81703A93239A7A4600D24889 /* LaunchScreen.storyboard in Resources */ = {isa = PBXBuildFile; fileRef = 81703A91239A7A4600D24889 /* LaunchScreen.storyboard */; };
/* End PBXBuildFile section */

/* Begin PBXFileReference section */
		81703A83239A7A4200D24889 /* BaseFook.app */ = {isa = PBXFileReference; explicitFileType = wrapper.application; includeInIndex = 0; path = BaseFook.app; sourceTree = BUILT_PRODUCTS_DIR; };
		81703A86239A7A4200D24889 /* AppDelegate.swift */ = {isa = PBXFileReference; lastKnownFileType = sourcecode.swift; path = AppDelegate.swift; sourceTree = "<group>"; };
		81703A88239A7A4200D24889 /* SceneDelegate.swift */ = {isa = PBXFileReference; lastKnownFileType = sourcecode.swift; path = SceneDelegate.swift; sourceTree = "<group>"; };
		81703A8A239A7A4200D24889 /* ContentView.swift */ = {isa = PBXFileReference; lastKnownFileType = sourcecode.swift; path = ContentView.swift; sourceTree = "<group>"; };
		81703A8C239A7A4600D24889 /* Assets.xcassets */ = {isa = PBXFileReference; lastKnownFileType = folder.assetcatalog; path = Assets.xcassets; sourceTree = "<group>"; };
		81703A8F239A7A4600D24889 /* Preview Assets.xcassets */ = {isa = PBXFileReference; lastKnownFileType = folder.assetcatalog; path = "Preview Assets.xcassets"; sourceTree = "<group>"; };
		81703A92239A7A4600D24889 /* Base */ = {isa = PBXFileReference; lastKnownFileType = file.storyboard; name = Base; path = Base.lproj/LaunchScreen.storyboard; sourceTree = "<group>"; };
		81703A94239A7A4600D24889 /* Info.plist */ = {isa = PBXFileReference; lastKnownFileType = text.plist.xml; path = Info.plist; sourceTree = "<group>"; };
/* End PBXFileReference section */

/* Begin PBXFrameworksBuildPhase section */
		81703A80239A7A4200D24889 /* Frameworks */ = {
			isa = PBXFrameworksBuildPhase;
			buildActionMask = 2147483647;
			files = (
			);
			runOnlyForDeploymentPostprocessing = 0;
		};
/* End PBXFrameworksBuildPhase section */

/* Begin PBXGroup section */
		81703A7A239A7A4200D24889 = {
			isa = PBXGroup;
			children = (
				81703A85239A7A4200D24889 /* BaseFook */,
				81703A84239A7A4200D24889 /* Products */,
			);
			sourceTree = "<group>";
		};
		81703A84239A7A4200D24889 /* Products */ = {
			isa = PBXGroup;
			children = (
				81703A83239A7A4200D24889 /* BaseFook.app */,
			);
			name = Products;
			sourceTree = "<group>";
		};
		81703A85239A7A4200D24889 /* BaseFook */ = {
			isa = PBXGroup;
			children = (
				81703A86239A7A4200D24889 /* AppDelegate.swift */,
				81703A88239A7A4200D24889 /* SceneDelegate.swift */,
				81703A8A239A7A4200D24889 /* ContentView.swift */,
				81703A8C239A7A4600D24889 /* Assets.xcassets */,
				81703A91239A7A4600D24889 /* LaunchScreen.storyboard */,
				81703A94239A7A4600D24889 /* Info.plist */,
				81703A8E239A7A4600D24889 /* Preview Content */,
			);
			path = BaseFook;
			sourceTree = "<group>";
		};
		81703A8E239A7A4600D24889 /* Preview Content */ = {
			isa = PBXGroup;
			children = (
				81703A8F239A7A4600D24889 /* Preview Assets.xcassets */,
			);
			path = "Preview Content";
			sourceTree = "<group>";
		};
/* End PBXGroup section */

/* Begin PBXNativeTarget section */
		81703A82239A7A4200D24889 /* BaseFook */ = {
			isa = PBXNativeTarget;
			buildConfigurationList = 81703A97239A7A4600D24889 /* Build configuration list for PBXNativeTarget "BaseFook" */;
			buildPhases = (
				81703A7F239A7A4200D24889 /* Sources */,
				81703A80239A7A4200D24889 /* Frameworks */,
				81703A81239A7A4200D24889 /* Resources */,
			);
			buildRules = (
			);
			dependencies = (
			);
			name = BaseFook;
			productName = BaseFook;
			productReference = 81703A83239A7A4200D24889 /* BaseFook.app */;
			productType = "com.apple.product-type.application";
		};
/* End PBXNativeTarget section */

/* Begin PBXProject section */
		81703A7B239A7A4200D24889 /* Project object */ = {
			isa = PBXProject;
			attributes = {
				LastSwiftUpdateCheck = 1130;
				LastUpgradeCheck = 1130;
				ORGANIZATIONNAME = "Renald Renks";
				TargetAttributes = {
					81703A82239A7A4200D24889 = {
						CreatedOnToolsVersion = 11.3;
					};
				};
			};
			buildConfigurationList = 81703A7E239A7A4200D24889 /* Build configuration list for PBXProject "BaseFook" */;
			compatibilityVersion = "Xcode 9.3";
			developmentRegion = en;
			hasScannedForEncodings = 0;
			knownRegions = (
				en,
				Base,
			);
			mainGroup = 81703A7A239A7A4200D24889;
			productRefGroup = 81703A84239A7A4200D24889 /* Products */;
			projectDirPath = "";
			projectRoot = "";
			targets = (
				81703A82239A7A4200D24889 /* BaseFook */,
			);
		};
/* End PBXProject section */

/* Begin PBXResourcesBuildPhase section */
		81703A81239A7A4200D24889 /* Resources */ = {
			isa = PBXResourcesBuildPhase;
			buildActionMask = 2147483647;
			files = (
				81703A93239A7A4600D24889 /* LaunchScreen.storyboard in Resources */,
				81703A90239A7A4600D24889 /* Preview Assets.xcassets in Resources */,
				81703A8D239A7A4600D24889 /* Assets.xcassets in Resources */,
			);
			runOnlyForDeploymentPostprocessing = 0;
		};
/* End PBXResourcesBuildPhase section */

/* Begin PBXSourcesBuildPhase section */
		81703A7F239A7A4200D24889 /* Sources */ = {
			isa = PBXSourcesBuildPhase;
			buildActionMask = 2147483647;
			files = (
				81703A87239A7A4200D24889 /* AppDelegate.swift in Sources */,
				81703A89239A7A4200D24889 /* SceneDelegate.swift in Sources */,
				81703A8B239A7A4200D24889 /* ContentView.swift in Sources */,
			);
			runOnlyForDeploymentPostprocessing = 0;
		};
/* End PBXSourcesBuildPhase section */

/* Begin PBXVariantGroup section */
		81703A91239A7A4600D24889 /* LaunchScreen.storyboard */ = {
			isa = PBXVariantGroup;
			children = (
				81703A92239A7A4600D24889 /* Base */,
			);
			name = LaunchScreen.storyboard;
			sourceTree = "<group>";
		};
/* End PBXVariantGroup section */

/* Begin XCBuildConfiguration section */
		81703A95239A7A4600D24889 /* Debug */ = {
			isa = XCBuildConfiguration;
			buildSettings = {
				ALWAYS_SEARCH_USER_PATHS = NO;
				CLANG_ANALYZER_NONNULL = YES;
				CLANG_ANALYZER_NUMBER_OBJECT_CONVERSION = YES_AGGRESSIVE;
				CLANG_CXX_LANGUAGE_STANDARD = "gnu++14";
				CLANG_CXX_LIBRARY = "libc++";
				CLANG_ENABLE_MODULES = YES;
				CLANG_ENABLE_OBJC_ARC = YES;
				CLANG_ENABLE_OBJC_WEAK = YES;
				CLANG_WARN_BLOCK_CAPTURE_AUTORELEASING = YES;
				CLANG_WARN_BOOL_CONVERSION = YES;
				CLANG_WARN_COMMA = YES;
				CLANG_WARN_CONSTANT_CONVERSION = YES;
				CLANG_WARN_DEPRECATED_OBJC_IMPLEMENTATIONS = YES;
				CLANG_WARN_DIRECT_OBJC_ISA_USAGE = YES_ERROR;
				CLANG_WARN_DOCUMENTATION_COMMENTS = YES;
				CLANG_WARN_EMPTY_BODY = YES;
				CLANG_WARN_ENUM_CONVERSION = YES;
				CLANG_WARN_INFINITE_RECURSION = YES;
				CLANG_WARN_INT_CONVERSION = YES;
				CLANG_WARN_NON_LITERAL_NULL_CONVERSION = YES;
				CLANG_WARN_OBJC_IMPLICIT_RETAIN_SELF = YES;
				CLANG_WARN_OBJC_LITERAL_CONVERSION = YES;
				CLANG_WARN_OBJC_ROOT_CLASS = YES_ERROR;
				CLANG_WARN_RANGE_LOOP_ANALYSIS = YES;
				CLANG_WARN_STRICT_PROTOTYPES = YES;
				CLANG_WARN_SUSPICIOUS_MOVE = YES;
				CLANG_WARN_UNGUARDED_AVAILABILITY = YES_AGGRESSIVE;
				CLANG_WARN_UNREACHABLE_CODE = YES;
				CLANG_WARN__DUPLICATE_METHOD_MATCH = YES;
				COPY_PHASE_STRIP = NO;
				DEBUG_INFORMATION_FORMAT = dwarf;
				ENABLE_STRICT_OBJC_MSGSEND = YES;
				ENABLE_TESTABILITY = YES;
				GCC_C_LANGUAGE_STANDARD = gnu11;
				GCC_DYNAMIC_NO_PIC = NO;
				GCC_NO_COMMON_BLOCKS = YES;
				GCC_OPTIMIZATION_LEVEL = 0;
				GCC_PREPROCESSOR_DEFINITIONS = (
					"DEBUG=1",
					"$(inherited)",
				);
				GCC_WARN_64_TO_32_BIT_CONVERSION = YES;
				GCC_WARN_ABOUT_RETURN_TYPE = YES_ERROR;
				GCC_WARN_UNDECLARED_SELECTOR = YES;
				GCC_WARN_UNINITIALIZED_AUTOS = YES_AGGRESSIVE;
				GCC_WARN_UNUSED_FUNCTION = YES;
				GCC_WARN_UNUSED_VARIABLE = YES;
				IPHONEOS_DEPLOYMENT_TARGET = 13.2;
				MTL_ENABLE_DEBUG_INFO = INCLUDE_SOURCE;
				MTL_FAST_MATH = YES;
				ONLY_ACTIVE_ARCH = YES;
				SDKROOT = iphoneos;
				SWIFT_ACTIVE_COMPILATION_CONDITIONS = DEBUG;
				SWIFT_OPTIMIZATION_LEVEL = "-Onone";
			};
			name = Debug;
		};
		81703A96239A7A4600D24889 /* Release */ = {
			isa = XCBuildConfiguration;
			buildSettings = {
				ALWAYS_SEARCH_USER_PATHS = NO;
				CLANG_ANALYZER_NONNULL = YES;
				CLANG_ANALYZER_NUMBER_OBJECT_CONVERSION = YES_AGGRESSIVE;
				CLANG_CXX_LANGUAGE_STANDARD = "gnu++14";
				CLANG_CXX_LIBRARY = "libc++";
				CLANG_ENABLE_MODULES = YES;
				CLANG_ENABLE_OBJC_ARC = YES;
				CLANG_ENABLE_OBJC_WEAK = YES;
				CLANG_WARN_BLOCK_CAPTURE_AUTORELEASING = YES;
				CLANG_WARN_BOOL_CONVERSION = YES;
				CLANG_WARN_COMMA = YES;
				CLANG_WARN_CONSTANT_CONVERSION = YES;
				CLANG_WARN_DEPRECATED_OBJC_IMPLEMENTATIONS = YES;
				CLANG_WARN_DIRECT_OBJC_ISA_USAGE = YES_ERROR;
				CLANG_WARN_DOCUMENTATION_COMMENTS = YES;
				CLANG_WARN_EMPTY_BODY = YES;
				CLANG_WARN_ENUM_CONVERSION = YES;
				CLANG_WARN_INFINITE_RECURSION = YES;
				CLANG_WARN_INT_CONVERSION = YES;
				CLANG_WARN_NON_LITERAL_NULL_CONVERSION = YES;
				CLANG_WARN_OBJC_IMPLICIT_RETAIN_SELF = YES;
				CLANG_WARN_OBJC_LITERAL_CONVERSION = YES;
				CLANG_WARN_OBJC_ROOT_CLASS = YES_ERROR;
				CLANG_WARN_RANGE_LOOP_ANALYSIS = YES;
				CLANG_WARN_STRICT_PROTOTYPES = YES;
				CLANG_WARN_SUSPICIOUS_MOVE = YES;
				CLANG_WARN_UNGUARDED_AVAILABILITY = YES_AGGRESSIVE;
				CLANG_WARN_UNREACHABLE_CODE = YES;
				CLANG_WARN__DUPLICATE_METHOD_MATCH = YES;
				COPY_PHASE_STRIP = NO;
				DEBUG_INFORMATION_FORMAT = "dwarf-with-dsym";
				ENABLE_NS_ASSERTIONS = NO;
				ENABLE_STRICT_OBJC_MSGSEND = YES;
				GCC_C_LANGUAGE_STANDARD = gnu11;
				GCC_NO_COMMON_BLOCKS = YES;
				GCC_WARN_64_TO_32_BIT_CONVERSION = YES;
				GCC_WARN_ABOUT_RETURN_TYPE = YES_ERROR;
				GCC_WARN_UNDECLARED_SELECTOR = YES;
				GCC_WARN_UNINITIALIZED_AUTOS = YES_AGGRESSIVE;
				GCC_WARN_UNUSED_FUNCTION = YES;
				GCC_WARN_UNUSED_VARIABLE = YES;
				IPHONEOS_DEPLOYMENT_TARGET = 13.2;
				MTL_ENABLE_DEBUG_INFO = NO;
				MTL_FAST_MATH = YES;
				SDKROOT = iphoneos;
				SWIFT_COMPILATION_MODE = wholemodule;
				SWIFT_OPTIMIZATION_LEVEL = "-O";
				VALIDATE_PRODUCT = YES;
			};
			name = Release;
		};
		81703A98239A7A4600D24889 /* Debug */ = {
			isa = XCBuildConfiguration;
			buildSettings = {
				ASSETCATALOG_COMPILER_APPICON_NAME = AppIcon;
				CODE_SIGN_STYLE = Automatic;
				DEVELOPMENT_ASSET_PATHS = "\"BaseFook/Preview Content\"";
				DEVELOPMENT_TEAM = S5W9FKJ4DL;
				ENABLE_PREVIEWS = YES;
				INFOPLIST_FILE = BaseFook/Info.plist;
				LD_RUNPATH_SEARCH_PATHS = (
					"$(inherited)",
					"@executable_path/Frameworks",
				);
				PRODUCT_BUNDLE_IDENTIFIER = com.skner.renks.BaseFook;
				PRODUCT_NAME = "$(TARGET_NAME)";
				SWIFT_VERSION = 5.0;
				TARGETED_DEVICE_FAMILY = "1,2";
			};
			name = Debug;
		};
		81703A99239A7A4600D24889 /* Release */ = {
			isa = XCBuildConfiguration;
			buildSettings = {
				ASSETCATALOG_COMPILER_APPICON_NAME = AppIcon;
				CODE_SIGN_STYLE = Automatic;
				DEVELOPMENT_ASSET_PATHS = "\"BaseFook/Preview Content\"";
				DEVELOPMENT_TEAM = S5W9FKJ4DL;
				ENABLE_PREVIEWS = YES;
				INFOPLIST_FILE = BaseFook/Info.plist;
				LD_RUNPATH_SEARCH_PATHS = (
					"$(inherited)",
					"@executable_path/Frameworks",
				);
				PRODUCT_BUNDLE_IDENTIFIER = com.skner.renks.BaseFook;
				PRODUCT_NAME = "$(TARGET_NAME)";
				SWIFT_VERSION = 5.0;
				TARGETED_DEVICE_FAMILY = "1,2";
			};
			name = Release;
		};
/* End XCBuildConfiguration section */

/* Begin XCConfigurationList section */
		81703A7E239A7A4200D24889 /* Build configuration list for PBXProject "BaseFook" */ = {
			isa = XCConfigurationList;
			buildConfigurations = (
				81703A95239A7A4600D24889 /* Debug */,
				81703A96239A7A4600D24889 /* Release */,
			);
			defaultConfigurationIsVisible = 0;
			defaultConfigurationName = Release;
		};
		81703A97239A7A4600D24889 /* Build configuration list for PBXNativeTarget "BaseFook" */ = {
			isa = XCConfigurationList;
			buildConfigurations = (
				81703A98239A7A4600D24889 /* Debug */,
				81703A99239A7A4600D24889 /* Release */,
			);
			defaultConfigurationIsVisible = 0;
			defaultConfigurationName = Release;
		};
/* End XCConfigurationList section */
	};
	rootObject = 81703A7B239A7A4200D24889 /* Project object */;
}
